
Microsoft Visual Studio Solution File, Format Version 12.00
# Visual Studio 14
VisualStudioVersion = 14.0.25420.1
MinimumVisualStudioVersion = 10.0.40219.1
Project("{FAE04EC0-301F-11D3-BF4B-00C04F79EFBC}") = "Code_Challenge_Santoshkumar", "Code_Challenge_Santoshkumar\Code_Challenge_Santoshkumar.csproj", "{4B664238-D47B-49A1-AF8B-2D128613A1FE}"
EndProject
Project("{FAE04EC0-301F-11D3-BF4B-00C04F79EFBC}") = "Code_Challenge_Santoshkumar.Tests", "Code_Challenge_Santoshkumar.Tests\Code_Challenge_Santoshkumar.Tests.csproj", "{A1D82766-D8E5-4656-BC46-A07A3A286075}"
EndProject
Global
	GlobalSection(SolutionConfigurationPlatforms) = preSolution
		Debug|Any CPU = Debug|Any CPU
		Release|Any CPU = Release|Any CPU
	EndGlobalSection
	GlobalSection(ProjectConfigurationPlatforms) = postSolution
		{4B664238-D47B-49A1-AF8B-2D128613A1FE}.Debug|Any CPU.ActiveCfg = Debug|Any CPU
		{4B664238-D47B-49A1-AF8B-2D128613A1FE}.Debug|Any CPU.Build.0 = Debug|Any CPU
		{4B664238-D47B-49A1-AF8B-2D128613A1FE}.Release|Any CPU.ActiveCfg = Release|Any CPU
		{4B664238-D47B-49A1-AF8B-2D128613A1FE}.Release|Any CPU.Build.0 = Release|Any CPU
		{A1D82766-D8E5-4656-BC46-A07A3A286075}.Debug|Any CPU.ActiveCfg = Debug|Any CPU
		{A1D82766-D8E5-4656-BC46-A07A3A286075}.Debug|Any CPU.Build.0 = Debug|Any CPU
		{A1D82766-D8E5-4656-BC46-A07A3A286075}.Release|Any CPU.ActiveCfg = Release|Any CPU
		{A1D82766-D8E5-4656-BC46-A07A3A286075}.Release|Any CPU.Build.0 = Release|Any CPU
	EndGlobalSection
	GlobalSection(SolutionProperties) = preSolution
		HideSolutionNode = FALSE
	EndGlobalSection
EndGlobal
